// !$*UTF8*$!
{
	archiveVersion = 1;
	classes = {
	};
	objectVersion = 50;
	objects = {

/* Begin PBXBuildFile section */
		8705701023BF702000521580 /* AppDelegate.swift in Sources */ = {isa = PBXBuildFile; fileRef = 8705700F23BF702000521580 /* AppDelegate.swift */; };
		8705701223BF702000521580 /* SceneDelegate.swift in Sources */ = {isa = PBXBuildFile; fileRef = 8705701123BF702000521580 /* SceneDelegate.swift */; };
		8705701423BF702000521580 /* ViewController.swift in Sources */ = {isa = PBXBuildFile; fileRef = 8705701323BF702000521580 /* ViewController.swift */; };
		8705701723BF702000521580 /* Main.storyboard in Resources */ = {isa = PBXBuildFile; fileRef = 8705701523BF702000521580 /* Main.storyboard */; };
		8705701923BF702100521580 /* Assets.xcassets in Resources */ = {isa = PBXBuildFile; fileRef = 8705701823BF702100521580 /* Assets.xcassets */; };
		8705701C23BF702100521580 /* LaunchScreen.storyboard in Resources */ = {isa = PBXBuildFile; fileRef = 8705701A23BF702100521580 /* LaunchScreen.storyboard */; };
		BFB181FD100AFA3DBF6DFAC5 /* Pods_UsingAlamofire.framework in Frameworks */ = {isa = PBXBuildFile; fileRef = 5197B496B815B2383648942A /* Pods_UsingAlamofire.framework */; };
/* End PBXBuildFile section */

/* Begin PBXFileReference section */
		5197B496B815B2383648942A /* Pods_UsingAlamofire.framework */ = {isa = PBXFileReference; explicitFileType = wrapper.framework; includeInIndex = 0; path = Pods_UsingAlamofire.framework; sourceTree = BUILT_PRODUCTS_DIR; };
		5C8DB78235EF18201313602C /* Pods-UsingAlamofire.release.xcconfig */ = {isa = PBXFileReference; includeInIndex = 1; lastKnownFileType = text.xcconfig; name = "Pods-UsingAlamofire.release.xcconfig"; path = "Target Support Files/Pods-UsingAlamofire/Pods-UsingAlamofire.release.xcconfig"; sourceTree = "<group>"; };
		8705700C23BF702000521580 /* UsingAlamofire.app */ = {isa = PBXFileReference; explicitFileType = wrapper.application; includeInIndex = 0; path = UsingAlamofire.app; sourceTree = BUILT_PRODUCTS_DIR; };
		8705700F23BF702000521580 /* AppDelegate.swift */ = {isa = PBXFileReference; lastKnownFileType = sourcecode.swift; path = AppDelegate.swift; sourceTree = "<group>"; };
		8705701123BF702000521580 /* SceneDelegate.swift */ = {isa = PBXFileReference; lastKnownFileType = sourcecode.swift; path = SceneDelegate.swift; sourceTree = "<group>"; };
		8705701323BF702000521580 /* ViewController.swift */ = {isa = PBXFileReference; lastKnownFileType = sourcecode.swift; path = ViewController.swift; sourceTree = "<group>"; };
		8705701623BF702000521580 /* Base */ = {isa = PBXFileReference; lastKnownFileType = file.storyboard; name = Base; path = Base.lproj/Main.storyboard; sourceTree = "<group>"; };
		8705701823BF702100521580 /* Assets.xcassets */ = {isa = PBXFileReference; lastKnownFileType = folder.assetcatalog; path = Assets.xcassets; sourceTree = "<group>"; };
		8705701B23BF702100521580 /* Base */ = {isa = PBXFileReference; lastKnownFileType = file.storyboard; name = Base; path = Base.lproj/LaunchScreen.storyboard; sourceTree = "<group>"; };
		8705701D23BF702100521580 /* Info.plist */ = {isa = PBXFileReference; lastKnownFileType = text.plist.xml; path = Info.plist; sourceTree = "<group>"; };
		C81BD0443DC451B3E0ACFB4C /* Pods-UsingAlamofire.debug.xcconfig */ = {isa = PBXFileReference; includeInIndex = 1; lastKnownFileType = text.xcconfig; name = "Pods-UsingAlamofire.debug.xcconfig"; path = "Target Support Files/Pods-UsingAlamofire/Pods-UsingAlamofire.debug.xcconfig"; sourceTree = "<group>"; };
/* End PBXFileReference section */

/* Begin PBXFrameworksBuildPhase section */
		8705700923BF702000521580 /* Frameworks */ = {
			isa = PBXFrameworksBuildPhase;
			buildActionMask = 2147483647;
			files = (
				BFB181FD100AFA3DBF6DFAC5 /* Pods_UsingAlamofire.framework in Frameworks */,
			);
			runOnlyForDeploymentPostprocessing = 0;
		};
/* End PBXFrameworksBuildPhase section */

/* Begin PBXGroup section */
		8705700323BF702000521580 = {
			isa = PBXGroup;
			children = (
				8705700E23BF702000521580 /* UsingAlamofire */,
				8705700D23BF702000521580 /* Products */,
				EBD06220D7938AC82E84BA7D /* Pods */,
				A0DF6F42D882D078629306B3 /* Frameworks */,
			);
			sourceTree = "<group>";
		};
		8705700D23BF702000521580 /* Products */ = {
			isa = PBXGroup;
			children = (
				8705700C23BF702000521580 /* UsingAlamofire.app */,
			);
			name = Products;
			sourceTree = "<group>";
		};
		8705700E23BF702000521580 /* UsingAlamofire */ = {
			isa = PBXGroup;
			children = (
				8705700F23BF702000521580 /* AppDelegate.swift */,
				8705701123BF702000521580 /* SceneDelegate.swift */,
				8705701323BF702000521580 /* ViewController.swift */,
				8705701523BF702000521580 /* Main.storyboard */,
				8705701823BF702100521580 /* Assets.xcassets */,
				8705701A23BF702100521580 /* LaunchScreen.storyboard */,
				8705701D23BF702100521580 /* Info.plist */,
			);
			path = UsingAlamofire;
			sourceTree = "<group>";
		};
		A0DF6F42D882D078629306B3 /* Frameworks */ = {
			isa = PBXGroup;
			children = (
				5197B496B815B2383648942A /* Pods_UsingAlamofire.framework */,
			);
			name = Frameworks;
			sourceTree = "<group>";
		};
		EBD06220D7938AC82E84BA7D /* Pods */ = {
			isa = PBXGroup;
			children = (
				C81BD0443DC451B3E0ACFB4C /* Pods-UsingAlamofire.debug.xcconfig */,
				5C8DB78235EF18201313602C /* Pods-UsingAlamofire.release.xcconfig */,
			);
			name = Pods;
			path = Pods;
			sourceTree = "<group>";
		};
/* End PBXGroup section */

/* Begin PBXNativeTarget section */
		8705700B23BF702000521580 /* UsingAlamofire */ = {
			isa = PBXNativeTarget;
			buildConfigurationList = 8705702023BF702100521580 /* Build configuration list for PBXNativeTarget "UsingAlamofire" */;
			buildPhases = (
				E168B9170971FDB9D6D9D485 /* [CP] Check Pods Manifest.lock */,
				8705700823BF702000521580 /* Sources */,
				8705700923BF702000521580 /* Frameworks */,
				8705700A23BF702000521580 /* Resources */,
				A873F91EF721C02D49DA3778 /* [CP] Embed Pods Frameworks */,
			);
			buildRules = (
			);
			dependencies = (
			);
			name = UsingAlamofire;
			productName = UsingAlamofire;
			productReference = 8705700C23BF702000521580 /* UsingAlamofire.app */;
			productType = "com.apple.product-type.application";
		};
/* End PBXNativeTarget section */

/* Begin PBXProject section */
		8705700423BF702000521580 /* Project object */ = {
			isa = PBXProject;
			attributes = {
				LastSwiftUpdateCheck = 1110;
				LastUpgradeCheck = 1110;
				ORGANIZATIONNAME = iMac_VTCA;
				TargetAttributes = {
					8705700B23BF702000521580 = {
						CreatedOnToolsVersion = 11.1;
					};
				};
			};
			buildConfigurationList = 8705700723BF702000521580 /* Build configuration list for PBXProject "UsingAlamofire" */;
			compatibilityVersion = "Xcode 9.3";
			developmentRegion = en;
			hasScannedForEncodings = 0;
			knownRegions = (
				en,
				Base,
			);
			mainGroup = 8705700323BF702000521580;
			productRefGroup = 8705700D23BF702000521580 /* Products */;
			projectDirPath = "";
			projectRoot = "";
			targets = (
				8705700B23BF702000521580 /* UsingAlamofire */,
			);
		};
/* End PBXProject section */

/* Begin PBXResourcesBuildPhase section */
		8705700A23BF702000521580 /* Resources */ = {
			isa = PBXResourcesBuildPhase;
			buildActionMask = 2147483647;
			files = (
				8705701C23BF702100521580 /* LaunchScreen.storyboard in Resources */,
				8705701923BF702100521580 /* Assets.xcassets in Resources */,
				8705701723BF702000521580 /* Main.storyboard in Resources */,
			);
			runOnlyForDeploymentPostprocessing = 0;
		};
/* End PBXResourcesBuildPhase section */

/* Begin PBXShellScriptBuildPhase section */
		A873F91EF721C02D49DA3778 /* [CP] Embed Pods Frameworks */ = {
			isa = PBXShellScriptBuildPhase;
			buildActionMask = 2147483647;
			files = (
			);
			inputFileListPaths = (
				"${PODS_ROOT}/Target Support Files/Pods-UsingAlamofire/Pods-UsingAlamofire-frameworks-${CONFIGURATION}-input-files.xcfilelist",
			);
			name = "[CP] Embed Pods Frameworks";
			outputFileListPaths = (
				"${PODS_ROOT}/Target Support Files/Pods-UsingAlamofire/Pods-UsingAlamofire-frameworks-${CONFIGURATION}-output-files.xcfilelist",
			);
			runOnlyForDeploymentPostprocessing = 0;
			shellPath = /bin/sh;
			shellScript = "\"${PODS_ROOT}/Target Support Files/Pods-UsingAlamofire/Pods-UsingAlamofire-frameworks.sh\"\n";
			showEnvVarsInLog = 0;
		};
		E168B9170971FDB9D6D9D485 /* [CP] Check Pods Manifest.lock */ = {
			isa = PBXShellScriptBuildPhase;
			buildActionMask = 2147483647;
			files = (
			);
			inputFileListPaths = (
			);
			inputPaths = (
				"${PODS_PODFILE_DIR_PATH}/Podfile.lock",
				"${PODS_ROOT}/Manifest.lock",
			);
			name = "[CP] Check Pods Manifest.lock";
			outputFileListPaths = (
			);
			outputPaths = (
				"$(DERIVED_FILE_DIR)/Pods-UsingAlamofire-checkManifestLockResult.txt",
			);
			runOnlyForDeploymentPostprocessing = 0;
			shellPath = /bin/sh;
			shellScript = "diff \"${PODS_PODFILE_DIR_PATH}/Podfile.lock\" \"${PODS_ROOT}/Manifest.lock\" > /dev/null\nif [ $? != 0 ] ; then\n    # print error to STDERR\n    echo \"error: The sandbox is not in sync with the Podfile.lock. Run 'pod install' or update your CocoaPods installation.\" >&2\n    exit 1\nfi\n# This output is used by Xcode 'outputs' to avoid re-running this script phase.\necho \"SUCCESS\" > \"${SCRIPT_OUTPUT_FILE_0}\"\n";
			showEnvVarsInLog = 0;
		};
/* End PBXShellScriptBuildPhase section */

/* Begin PBXSourcesBuildPhase section */
		8705700823BF702000521580 /* Sources */ = {
			isa = PBXSourcesBuildPhase;
			buildActionMask = 2147483647;
			files = (
				8705701423BF702000521580 /* ViewController.swift in Sources */,
				8705701023BF702000521580 /* AppDelegate.swift in Sources */,
				8705701223BF702000521580 /* SceneDelegate.swift in Sources */,
			);
			runOnlyForDeploymentPostprocessing = 0;
		};
/* End PBXSourcesBuildPhase section */

/* Begin PBXVariantGroup section */
		8705701523BF702000521580 /* Main.storyboard */ = {
			isa = PBXVariantGroup;
			children = (
				8705701623BF702000521580 /* Base */,
			);
			name = Main.storyboard;
			sourceTree = "<group>";
		};
		8705701A23BF702100521580 /* LaunchScreen.storyboard */ = {
			isa = PBXVariantGroup;
			children = (
				8705701B23BF702100521580 /* Base */,
			);
			name = LaunchScreen.storyboard;
			sourceTree = "<group>";
		};
/* End PBXVariantGroup section */

/* Begin XCBuildConfiguration section */
		8705701E23BF702100521580 /* Debug */ = {
			isa = XCBuildConfiguration;
			buildSettings = {
				ALWAYS_SEARCH_USER_PATHS = NO;
				CLANG_ANALYZER_NONNULL = YES;
				CLANG_ANALYZER_NUMBER_OBJECT_CONVERSION = YES_AGGRESSIVE;
				CLANG_CXX_LANGUAGE_STANDARD = "gnu++14";
				CLANG_CXX_LIBRARY = "libc++";
				CLANG_ENABLE_MODULES = YES;
				CLANG_ENABLE_OBJC_ARC = YES;
				CLANG_ENABLE_OBJC_WEAK = YES;
				CLANG_WARN_BLOCK_CAPTURE_AUTORELEASING = YES;
				CLANG_WARN_BOOL_CONVERSION = YES;
				CLANG_WARN_COMMA = YES;
				CLANG_WARN_CONSTANT_CONVERSION = YES;
				CLANG_WARN_DEPRECATED_OBJC_IMPLEMENTATIONS = YES;
				CLANG_WARN_DIRECT_OBJC_ISA_USAGE = YES_ERROR;
				CLANG_WARN_DOCUMENTATION_COMMENTS = YES;
				CLANG_WARN_EMPTY_BODY = YES;
				CLANG_WARN_ENUM_CONVERSION = YES;
				CLANG_WARN_INFINITE_RECURSION = YES;
				CLANG_WARN_INT_CONVERSION = YES;
				CLANG_WARN_NON_LITERAL_NULL_CONVERSION = YES;
				CLANG_WARN_OBJC_IMPLICIT_RETAIN_SELF = YES;
				CLANG_WARN_OBJC_LITERAL_CONVERSION = YES;
				CLANG_WARN_OBJC_ROOT_CLASS = YES_ERROR;
				CLANG_WARN_RANGE_LOOP_ANALYSIS = YES;
				CLANG_WARN_STRICT_PROTOTYPES = YES;
				CLANG_WARN_SUSPICIOUS_MOVE = YES;
				CLANG_WARN_UNGUARDED_AVAILABILITY = YES_AGGRESSIVE;
				CLANG_WARN_UNREACHABLE_CODE = YES;
				CLANG_WARN__DUPLICATE_METHOD_MATCH = YES;
				COPY_PHASE_STRIP = NO;
				DEBUG_INFORMATION_FORMAT = dwarf;
				ENABLE_STRICT_OBJC_MSGSEND = YES;
				ENABLE_TESTABILITY = YES;
				GCC_C_LANGUAGE_STANDARD = gnu11;
				GCC_DYNAMIC_NO_PIC = NO;
				GCC_NO_COMMON_BLOCKS = YES;
				GCC_OPTIMIZATION_LEVEL = 0;
				GCC_PREPROCESSOR_DEFINITIONS = (
					"DEBUG=1",
					"$(inherited)",
				);
				GCC_WARN_64_TO_32_BIT_CONVERSION = YES;
				GCC_WARN_ABOUT_RETURN_TYPE = YES_ERROR;
				GCC_WARN_UNDECLARED_SELECTOR = YES;
				GCC_WARN_UNINITIALIZED_AUTOS = YES_AGGRESSIVE;
				GCC_WARN_UNUSED_FUNCTION = YES;
				GCC_WARN_UNUSED_VARIABLE = YES;
				IPHONEOS_DEPLOYMENT_TARGET = 13.1;
				MTL_ENABLE_DEBUG_INFO = INCLUDE_SOURCE;
				MTL_FAST_MATH = YES;
				ONLY_ACTIVE_ARCH = YES;
				SDKROOT = iphoneos;
				SWIFT_ACTIVE_COMPILATION_CONDITIONS = DEBUG;
				SWIFT_OPTIMIZATION_LEVEL = "-Onone";
			};
			name = Debug;
		};
		8705701F23BF702100521580 /* Release */ = {
			isa = XCBuildConfiguration;
			buildSettings = {
				ALWAYS_SEARCH_USER_PATHS = NO;
				CLANG_ANALYZER_NONNULL = YES;
				CLANG_ANALYZER_NUMBER_OBJECT_CONVERSION = YES_AGGRESSIVE;
				CLANG_CXX_LANGUAGE_STANDARD = "gnu++14";
				CLANG_CXX_LIBRARY = "libc++";
				CLANG_ENABLE_MODULES = YES;
				CLANG_ENABLE_OBJC_ARC = YES;
				CLANG_ENABLE_OBJC_WEAK = YES;
				CLANG_WARN_BLOCK_CAPTURE_AUTORELEASING = YES;
				CLANG_WARN_BOOL_CONVERSION = YES;
				CLANG_WARN_COMMA = YES;
				CLANG_WARN_CONSTANT_CONVERSION = YES;
				CLANG_WARN_DEPRECATED_OBJC_IMPLEMENTATIONS = YES;
				CLANG_WARN_DIRECT_OBJC_ISA_USAGE = YES_ERROR;
				CLANG_WARN_DOCUMENTATION_COMMENTS = YES;
				CLANG_WARN_EMPTY_BODY = YES;
				CLANG_WARN_ENUM_CONVERSION = YES;
				CLANG_WARN_INFINITE_RECURSION = YES;
				CLANG_WARN_INT_CONVERSION = YES;
				CLANG_WARN_NON_LITERAL_NULL_CONVERSION = YES;
				CLANG_WARN_OBJC_IMPLICIT_RETAIN_SELF = YES;
				CLANG_WARN_OBJC_LITERAL_CONVERSION = YES;
				CLANG_WARN_OBJC_ROOT_CLASS = YES_ERROR;
				CLANG_WARN_RANGE_LOOP_ANALYSIS = YES;
				CLANG_WARN_STRICT_PROTOTYPES = YES;
				CLANG_WARN_SUSPICIOUS_MOVE = YES;
				CLANG_WARN_UNGUARDED_AVAILABILITY = YES_AGGRESSIVE;
				CLANG_WARN_UNREACHABLE_CODE = YES;
				CLANG_WARN__DUPLICATE_METHOD_MATCH = YES;
				COPY_PHASE_STRIP = NO;
				DEBUG_INFORMATION_FORMAT = "dwarf-with-dsym";
				ENABLE_NS_ASSERTIONS = NO;
				ENABLE_STRICT_OBJC_MSGSEND = YES;
				GCC_C_LANGUAGE_STANDARD = gnu11;
				GCC_NO_COMMON_BLOCKS = YES;
				GCC_WARN_64_TO_32_BIT_CONVERSION = YES;
				GCC_WARN_ABOUT_RETURN_TYPE = YES_ERROR;
				GCC_WARN_UNDECLARED_SELECTOR = YES;
				GCC_WARN_UNINITIALIZED_AUTOS = YES_AGGRESSIVE;
				GCC_WARN_UNUSED_FUNCTION = YES;
				GCC_WARN_UNUSED_VARIABLE = YES;
				IPHONEOS_DEPLOYMENT_TARGET = 13.1;
				MTL_ENABLE_DEBUG_INFO = NO;
				MTL_FAST_MATH = YES;
				SDKROOT = iphoneos;
				SWIFT_COMPILATION_MODE = wholemodule;
				SWIFT_OPTIMIZATION_LEVEL = "-O";
				VALIDATE_PRODUCT = YES;
			};
			name = Release;
		};
		8705702123BF702100521580 /* Debug */ = {
			isa = XCBuildConfiguration;
			baseConfigurationReference = C81BD0443DC451B3E0ACFB4C /* Pods-UsingAlamofire.debug.xcconfig */;
			buildSettings = {
				ASSETCATALOG_COMPILER_APPICON_NAME = AppIcon;
				CODE_SIGN_STYLE = Automatic;
				INFOPLIST_FILE = UsingAlamofire/Info.plist;
				LD_RUNPATH_SEARCH_PATHS = (
					"$(inherited)",
					"@executable_path/Frameworks",
				);
				PRODUCT_BUNDLE_IDENTIFIER = Vinh.UsingAlamofire;
				PRODUCT_NAME = "$(TARGET_NAME)";
				SWIFT_VERSION = 5.0;
				TARGETED_DEVICE_FAMILY = "1,2";
			};
			name = Debug;
		};
		8705702223BF702100521580 /* Release */ = {
			isa = XCBuildConfiguration;
			baseConfigurationReference = 5C8DB78235EF18201313602C /* Pods-UsingAlamofire.release.xcconfig */;
			buildSettings = {
				ASSETCATALOG_COMPILER_APPICON_NAME = AppIcon;
				CODE_SIGN_STYLE = Automatic;
				INFOPLIST_FILE = UsingAlamofire/Info.plist;
				LD_RUNPATH_SEARCH_PATHS = (
					"$(inherited)",
					"@executable_path/Frameworks",
				);
				PRODUCT_BUNDLE_IDENTIFIER = Vinh.UsingAlamofire;
				PRODUCT_NAME = "$(TARGET_NAME)";
				SWIFT_VERSION = 5.0;
				TARGETED_DEVICE_FAMILY = "1,2";
			};
			name = Release;
		};
/* End XCBuildConfiguration section */

/* Begin XCConfigurationList section */
		8705700723BF702000521580 /* Build configuration list for PBXProject "UsingAlamofire" */ = {
			isa = XCConfigurationList;
			buildConfigurations = (
				8705701E23BF702100521580 /* Debug */,
				8705701F23BF702100521580 /* Release */,
			);
			defaultConfigurationIsVisible = 0;
			defaultConfigurationName = Release;
		};
		8705702023BF702100521580 /* Build configuration list for PBXNativeTarget "UsingAlamofire" */ = {
			isa = XCConfigurationList;
			buildConfigurations = (
				8705702123BF702100521580 /* Debug */,
				8705702223BF702100521580 /* Release */,
			);
			defaultConfigurationIsVisible = 0;
			defaultConfigurationName = Release;
		};
/* End XCConfigurationList section */
	};
	rootObject = 8705700423BF702000521580 /* Project object */;
}
