// !$*UTF8*$!
{
	archiveVersion = 1;
	classes = {
	};
	objectVersion = 50;
	objects = {

/* Begin PBXBuildFile section */
		BDEE39E62384E80F00A5E98D /* AppDelegate.swift in Sources */ = {isa = PBXBuildFile; fileRef = BDEE39E52384E80F00A5E98D /* AppDelegate.swift */; };
		BDEE39E82384E80F00A5E98D /* SceneDelegate.swift in Sources */ = {isa = PBXBuildFile; fileRef = BDEE39E72384E80F00A5E98D /* SceneDelegate.swift */; };
		BDEE39ED2384E80F00A5E98D /* Main.storyboard in Resources */ = {isa = PBXBuildFile; fileRef = BDEE39EB2384E80F00A5E98D /* Main.storyboard */; };
		BDEE39EF2384E81000A5E98D /* Assets.xcassets in Resources */ = {isa = PBXBuildFile; fileRef = BDEE39EE2384E81000A5E98D /* Assets.xcassets */; };
		BDEE39F22384E81000A5E98D /* LaunchScreen.storyboard in Resources */ = {isa = PBXBuildFile; fileRef = BDEE39F02384E81000A5E98D /* LaunchScreen.storyboard */; };
		BDEE39FA2384E8AE00A5E98D /* MyCollectionViewController.swift in Sources */ = {isa = PBXBuildFile; fileRef = BDEE39F92384E8AE00A5E98D /* MyCollectionViewController.swift */; };
		BDEE39FC2384F74D00A5E98D /* MyCollectionViewCell.swift in Sources */ = {isa = PBXBuildFile; fileRef = BDEE39FB2384F74D00A5E98D /* MyCollectionViewCell.swift */; };
/* End PBXBuildFile section */

/* Begin PBXFileReference section */
		BDEE39E22384E80F00A5E98D /* BaiTapUICollectionView.app */ = {isa = PBXFileReference; explicitFileType = wrapper.application; includeInIndex = 0; path = BaiTapUICollectionView.app; sourceTree = BUILT_PRODUCTS_DIR; };
		BDEE39E52384E80F00A5E98D /* AppDelegate.swift */ = {isa = PBXFileReference; lastKnownFileType = sourcecode.swift; path = AppDelegate.swift; sourceTree = "<group>"; };
		BDEE39E72384E80F00A5E98D /* SceneDelegate.swift */ = {isa = PBXFileReference; lastKnownFileType = sourcecode.swift; path = SceneDelegate.swift; sourceTree = "<group>"; };
		BDEE39EC2384E80F00A5E98D /* Base */ = {isa = PBXFileReference; lastKnownFileType = file.storyboard; name = Base; path = Base.lproj/Main.storyboard; sourceTree = "<group>"; };
		BDEE39EE2384E81000A5E98D /* Assets.xcassets */ = {isa = PBXFileReference; lastKnownFileType = folder.assetcatalog; path = Assets.xcassets; sourceTree = "<group>"; };
		BDEE39F12384E81000A5E98D /* Base */ = {isa = PBXFileReference; lastKnownFileType = file.storyboard; name = Base; path = Base.lproj/LaunchScreen.storyboard; sourceTree = "<group>"; };
		BDEE39F32384E81000A5E98D /* Info.plist */ = {isa = PBXFileReference; lastKnownFileType = text.plist.xml; path = Info.plist; sourceTree = "<group>"; };
		BDEE39F92384E8AE00A5E98D /* MyCollectionViewController.swift */ = {isa = PBXFileReference; lastKnownFileType = sourcecode.swift; path = MyCollectionViewController.swift; sourceTree = "<group>"; };
		BDEE39FB2384F74D00A5E98D /* MyCollectionViewCell.swift */ = {isa = PBXFileReference; lastKnownFileType = sourcecode.swift; path = MyCollectionViewCell.swift; sourceTree = "<group>"; };
/* End PBXFileReference section */

/* Begin PBXFrameworksBuildPhase section */
		BDEE39DF2384E80F00A5E98D /* Frameworks */ = {
			isa = PBXFrameworksBuildPhase;
			buildActionMask = 2147483647;
			files = (
			);
			runOnlyForDeploymentPostprocessing = 0;
		};
/* End PBXFrameworksBuildPhase section */

/* Begin PBXGroup section */
		BDEE39D92384E80F00A5E98D = {
			isa = PBXGroup;
			children = (
				BDEE39E42384E80F00A5E98D /* BaiTapUICollectionView */,
				BDEE39E32384E80F00A5E98D /* Products */,
			);
			sourceTree = "<group>";
		};
		BDEE39E32384E80F00A5E98D /* Products */ = {
			isa = PBXGroup;
			children = (
				BDEE39E22384E80F00A5E98D /* BaiTapUICollectionView.app */,
			);
			name = Products;
			sourceTree = "<group>";
		};
		BDEE39E42384E80F00A5E98D /* BaiTapUICollectionView */ = {
			isa = PBXGroup;
			children = (
				BDEE39E52384E80F00A5E98D /* AppDelegate.swift */,
				BDEE39E72384E80F00A5E98D /* SceneDelegate.swift */,
				BDEE39F92384E8AE00A5E98D /* MyCollectionViewController.swift */,
				BDEE39FB2384F74D00A5E98D /* MyCollectionViewCell.swift */,
				BDEE39EB2384E80F00A5E98D /* Main.storyboard */,
				BDEE39EE2384E81000A5E98D /* Assets.xcassets */,
				BDEE39F02384E81000A5E98D /* LaunchScreen.storyboard */,
				BDEE39F32384E81000A5E98D /* Info.plist */,
			);
			path = BaiTapUICollectionView;
			sourceTree = "<group>";
		};
/* End PBXGroup section */

/* Begin PBXNativeTarget section */
		BDEE39E12384E80F00A5E98D /* BaiTapUICollectionView */ = {
			isa = PBXNativeTarget;
			buildConfigurationList = BDEE39F62384E81000A5E98D /* Build configuration list for PBXNativeTarget "BaiTapUICollectionView" */;
			buildPhases = (
				BDEE39DE2384E80F00A5E98D /* Sources */,
				BDEE39DF2384E80F00A5E98D /* Frameworks */,
				BDEE39E02384E80F00A5E98D /* Resources */,
			);
			buildRules = (
			);
			dependencies = (
			);
			name = BaiTapUICollectionView;
			productName = BaiTapUICollectionView;
			productReference = BDEE39E22384E80F00A5E98D /* BaiTapUICollectionView.app */;
			productType = "com.apple.product-type.application";
		};
/* End PBXNativeTarget section */

/* Begin PBXProject section */
		BDEE39DA2384E80F00A5E98D /* Project object */ = {
			isa = PBXProject;
			attributes = {
				LastSwiftUpdateCheck = 1120;
				LastUpgradeCheck = 1120;
				ORGANIZATIONNAME = PTV;
				TargetAttributes = {
					BDEE39E12384E80F00A5E98D = {
						CreatedOnToolsVersion = 11.2.1;
					};
				};
			};
			buildConfigurationList = BDEE39DD2384E80F00A5E98D /* Build configuration list for PBXProject "BaiTapUICollectionView" */;
			compatibilityVersion = "Xcode 9.3";
			developmentRegion = en;
			hasScannedForEncodings = 0;
			knownRegions = (
				en,
				Base,
			);
			mainGroup = BDEE39D92384E80F00A5E98D;
			productRefGroup = BDEE39E32384E80F00A5E98D /* Products */;
			projectDirPath = "";
			projectRoot = "";
			targets = (
				BDEE39E12384E80F00A5E98D /* BaiTapUICollectionView */,
			);
		};
/* End PBXProject section */

/* Begin PBXResourcesBuildPhase section */
		BDEE39E02384E80F00A5E98D /* Resources */ = {
			isa = PBXResourcesBuildPhase;
			buildActionMask = 2147483647;
			files = (
				BDEE39F22384E81000A5E98D /* LaunchScreen.storyboard in Resources */,
				BDEE39EF2384E81000A5E98D /* Assets.xcassets in Resources */,
				BDEE39ED2384E80F00A5E98D /* Main.storyboard in Resources */,
			);
			runOnlyForDeploymentPostprocessing = 0;
		};
/* End PBXResourcesBuildPhase section */

/* Begin PBXSourcesBuildPhase section */
		BDEE39DE2384E80F00A5E98D /* Sources */ = {
			isa = PBXSourcesBuildPhase;
			buildActionMask = 2147483647;
			files = (
				BDEE39FA2384E8AE00A5E98D /* MyCollectionViewController.swift in Sources */,
				BDEE39E62384E80F00A5E98D /* AppDelegate.swift in Sources */,
				BDEE39FC2384F74D00A5E98D /* MyCollectionViewCell.swift in Sources */,
				BDEE39E82384E80F00A5E98D /* SceneDelegate.swift in Sources */,
			);
			runOnlyForDeploymentPostprocessing = 0;
		};
/* End PBXSourcesBuildPhase section */

/* Begin PBXVariantGroup section */
		BDEE39EB2384E80F00A5E98D /* Main.storyboard */ = {
			isa = PBXVariantGroup;
			children = (
				BDEE39EC2384E80F00A5E98D /* Base */,
			);
			name = Main.storyboard;
			sourceTree = "<group>";
		};
		BDEE39F02384E81000A5E98D /* LaunchScreen.storyboard */ = {
			isa = PBXVariantGroup;
			children = (
				BDEE39F12384E81000A5E98D /* Base */,
			);
			name = LaunchScreen.storyboard;
			sourceTree = "<group>";
		};
/* End PBXVariantGroup section */

/* Begin XCBuildConfiguration section */
		BDEE39F42384E81000A5E98D /* Debug */ = {
			isa = XCBuildConfiguration;
			buildSettings = {
				ALWAYS_SEARCH_USER_PATHS = NO;
				CLANG_ANALYZER_NONNULL = YES;
				CLANG_ANALYZER_NUMBER_OBJECT_CONVERSION = YES_AGGRESSIVE;
				CLANG_CXX_LANGUAGE_STANDARD = "gnu++14";
				CLANG_CXX_LIBRARY = "libc++";
				CLANG_ENABLE_MODULES = YES;
				CLANG_ENABLE_OBJC_ARC = YES;
				CLANG_ENABLE_OBJC_WEAK = YES;
				CLANG_WARN_BLOCK_CAPTURE_AUTORELEASING = YES;
				CLANG_WARN_BOOL_CONVERSION = YES;
				CLANG_WARN_COMMA = YES;
				CLANG_WARN_CONSTANT_CONVERSION = YES;
				CLANG_WARN_DEPRECATED_OBJC_IMPLEMENTATIONS = YES;
				CLANG_WARN_DIRECT_OBJC_ISA_USAGE = YES_ERROR;
				CLANG_WARN_DOCUMENTATION_COMMENTS = YES;
				CLANG_WARN_EMPTY_BODY = YES;
				CLANG_WARN_ENUM_CONVERSION = YES;
				CLANG_WARN_INFINITE_RECURSION = YES;
				CLANG_WARN_INT_CONVERSION = YES;
				CLANG_WARN_NON_LITERAL_NULL_CONVERSION = YES;
				CLANG_WARN_OBJC_IMPLICIT_RETAIN_SELF = YES;
				CLANG_WARN_OBJC_LITERAL_CONVERSION = YES;
				CLANG_WARN_OBJC_ROOT_CLASS = YES_ERROR;
				CLANG_WARN_RANGE_LOOP_ANALYSIS = YES;
				CLANG_WARN_STRICT_PROTOTYPES = YES;
				CLANG_WARN_SUSPICIOUS_MOVE = YES;
				CLANG_WARN_UNGUARDED_AVAILABILITY = YES_AGGRESSIVE;
				CLANG_WARN_UNREACHABLE_CODE = YES;
				CLANG_WARN__DUPLICATE_METHOD_MATCH = YES;
				COPY_PHASE_STRIP = NO;
				DEBUG_INFORMATION_FORMAT = dwarf;
				ENABLE_STRICT_OBJC_MSGSEND = YES;
				ENABLE_TESTABILITY = YES;
				GCC_C_LANGUAGE_STANDARD = gnu11;
				GCC_DYNAMIC_NO_PIC = NO;
				GCC_NO_COMMON_BLOCKS = YES;
				GCC_OPTIMIZATION_LEVEL = 0;
				GCC_PREPROCESSOR_DEFINITIONS = (
					"DEBUG=1",
					"$(inherited)",
				);
				GCC_WARN_64_TO_32_BIT_CONVERSION = YES;
				GCC_WARN_ABOUT_RETURN_TYPE = YES_ERROR;
				GCC_WARN_UNDECLARED_SELECTOR = YES;
				GCC_WARN_UNINITIALIZED_AUTOS = YES_AGGRESSIVE;
				GCC_WARN_UNUSED_FUNCTION = YES;
				GCC_WARN_UNUSED_VARIABLE = YES;
				IPHONEOS_DEPLOYMENT_TARGET = 13.2;
				MTL_ENABLE_DEBUG_INFO = INCLUDE_SOURCE;
				MTL_FAST_MATH = YES;
				ONLY_ACTIVE_ARCH = YES;
				SDKROOT = iphoneos;
				SWIFT_ACTIVE_COMPILATION_CONDITIONS = DEBUG;
				SWIFT_OPTIMIZATION_LEVEL = "-Onone";
			};
			name = Debug;
		};
		BDEE39F52384E81000A5E98D /* Release */ = {
			isa = XCBuildConfiguration;
			buildSettings = {
				ALWAYS_SEARCH_USER_PATHS = NO;
				CLANG_ANALYZER_NONNULL = YES;
				CLANG_ANALYZER_NUMBER_OBJECT_CONVERSION = YES_AGGRESSIVE;
				CLANG_CXX_LANGUAGE_STANDARD = "gnu++14";
				CLANG_CXX_LIBRARY = "libc++";
				CLANG_ENABLE_MODULES = YES;
				CLANG_ENABLE_OBJC_ARC = YES;
				CLANG_ENABLE_OBJC_WEAK = YES;
				CLANG_WARN_BLOCK_CAPTURE_AUTORELEASING = YES;
				CLANG_WARN_BOOL_CONVERSION = YES;
				CLANG_WARN_COMMA = YES;
				CLANG_WARN_CONSTANT_CONVERSION = YES;
				CLANG_WARN_DEPRECATED_OBJC_IMPLEMENTATIONS = YES;
				CLANG_WARN_DIRECT_OBJC_ISA_USAGE = YES_ERROR;
				CLANG_WARN_DOCUMENTATION_COMMENTS = YES;
				CLANG_WARN_EMPTY_BODY = YES;
				CLANG_WARN_ENUM_CONVERSION = YES;
				CLANG_WARN_INFINITE_RECURSION = YES;
				CLANG_WARN_INT_CONVERSION = YES;
				CLANG_WARN_NON_LITERAL_NULL_CONVERSION = YES;
				CLANG_WARN_OBJC_IMPLICIT_RETAIN_SELF = YES;
				CLANG_WARN_OBJC_LITERAL_CONVERSION = YES;
				CLANG_WARN_OBJC_ROOT_CLASS = YES_ERROR;
				CLANG_WARN_RANGE_LOOP_ANALYSIS = YES;
				CLANG_WARN_STRICT_PROTOTYPES = YES;
				CLANG_WARN_SUSPICIOUS_MOVE = YES;
				CLANG_WARN_UNGUARDED_AVAILABILITY = YES_AGGRESSIVE;
				CLANG_WARN_UNREACHABLE_CODE = YES;
				CLANG_WARN__DUPLICATE_METHOD_MATCH = YES;
				COPY_PHASE_STRIP = NO;
				DEBUG_INFORMATION_FORMAT = "dwarf-with-dsym";
				ENABLE_NS_ASSERTIONS = NO;
				ENABLE_STRICT_OBJC_MSGSEND = YES;
				GCC_C_LANGUAGE_STANDARD = gnu11;
				GCC_NO_COMMON_BLOCKS = YES;
				GCC_WARN_64_TO_32_BIT_CONVERSION = YES;
				GCC_WARN_ABOUT_RETURN_TYPE = YES_ERROR;
				GCC_WARN_UNDECLARED_SELECTOR = YES;
				GCC_WARN_UNINITIALIZED_AUTOS = YES_AGGRESSIVE;
				GCC_WARN_UNUSED_FUNCTION = YES;
				GCC_WARN_UNUSED_VARIABLE = YES;
				IPHONEOS_DEPLOYMENT_TARGET = 13.2;
				MTL_ENABLE_DEBUG_INFO = NO;
				MTL_FAST_MATH = YES;
				SDKROOT = iphoneos;
				SWIFT_COMPILATION_MODE = wholemodule;
				SWIFT_OPTIMIZATION_LEVEL = "-O";
				VALIDATE_PRODUCT = YES;
			};
			name = Release;
		};
		BDEE39F72384E81000A5E98D /* Debug */ = {
			isa = XCBuildConfiguration;
			buildSettings = {
				ASSETCATALOG_COMPILER_APPICON_NAME = AppIcon;
				CODE_SIGN_STYLE = Automatic;
				DEVELOPMENT_TEAM = DRX889FW83;
				INFOPLIST_FILE = BaiTapUICollectionView/Info.plist;
				IPHONEOS_DEPLOYMENT_TARGET = 13.0;
				LD_RUNPATH_SEARCH_PATHS = (
					"$(inherited)",
					"@executable_path/Frameworks",
				);
				PRODUCT_BUNDLE_IDENTIFIER = vinhphan.BaiTapUICollectionView;
				PRODUCT_NAME = "$(TARGET_NAME)";
				SWIFT_VERSION = 5.0;
				TARGETED_DEVICE_FAMILY = "1,2";
			};
			name = Debug;
		};
		BDEE39F82384E81000A5E98D /* Release */ = {
			isa = XCBuildConfiguration;
			buildSettings = {
				ASSETCATALOG_COMPILER_APPICON_NAME = AppIcon;
				CODE_SIGN_STYLE = Automatic;
				DEVELOPMENT_TEAM = DRX889FW83;
				INFOPLIST_FILE = BaiTapUICollectionView/Info.plist;
				IPHONEOS_DEPLOYMENT_TARGET = 13.0;
				LD_RUNPATH_SEARCH_PATHS = (
					"$(inherited)",
					"@executable_path/Frameworks",
				);
				PRODUCT_BUNDLE_IDENTIFIER = vinhphan.BaiTapUICollectionView;
				PRODUCT_NAME = "$(TARGET_NAME)";
				SWIFT_VERSION = 5.0;
				TARGETED_DEVICE_FAMILY = "1,2";
			};
			name = Release;
		};
/* End XCBuildConfiguration section */

/* Begin XCConfigurationList section */
		BDEE39DD2384E80F00A5E98D /* Build configuration list for PBXProject "BaiTapUICollectionView" */ = {
			isa = XCConfigurationList;
			buildConfigurations = (
				BDEE39F42384E81000A5E98D /* Debug */,
				BDEE39F52384E81000A5E98D /* Release */,
			);
			defaultConfigurationIsVisible = 0;
			defaultConfigurationName = Release;
		};
		BDEE39F62384E81000A5E98D /* Build configuration list for PBXNativeTarget "BaiTapUICollectionView" */ = {
			isa = XCConfigurationList;
			buildConfigurations = (
				BDEE39F72384E81000A5E98D /* Debug */,
				BDEE39F82384E81000A5E98D /* Release */,
			);
			defaultConfigurationIsVisible = 0;
			defaultConfigurationName = Release;
		};
/* End XCConfigurationList section */
	};
	rootObject = BDEE39DA2384E80F00A5E98D /* Project object */;
}
