// !$*UTF8*$!
{
	archiveVersion = 1;
	classes = {
	};
	objectVersion = 50;
	objects = {

/* Begin PBXBuildFile section */
		BD237C0A238B8C5600EBE934 /* AppDelegate.swift in Sources */ = {isa = PBXBuildFile; fileRef = BD237C09238B8C5600EBE934 /* AppDelegate.swift */; };
		BD237C0C238B8C5600EBE934 /* SceneDelegate.swift in Sources */ = {isa = PBXBuildFile; fileRef = BD237C0B238B8C5600EBE934 /* SceneDelegate.swift */; };
		BD237C11238B8C5600EBE934 /* Main.storyboard in Resources */ = {isa = PBXBuildFile; fileRef = BD237C0F238B8C5600EBE934 /* Main.storyboard */; };
		BD237C13238B8C5700EBE934 /* Assets.xcassets in Resources */ = {isa = PBXBuildFile; fileRef = BD237C12238B8C5700EBE934 /* Assets.xcassets */; };
		BD237C16238B8C5700EBE934 /* LaunchScreen.storyboard in Resources */ = {isa = PBXBuildFile; fileRef = BD237C14238B8C5700EBE934 /* LaunchScreen.storyboard */; };
		BD237C1E238B8CE300EBE934 /* UICustomCollectionViewLayout.swift in Sources */ = {isa = PBXBuildFile; fileRef = BD237C1D238B8CE300EBE934 /* UICustomCollectionViewLayout.swift */; };
		BD237C20238B8D7900EBE934 /* CollectionViewController.swift in Sources */ = {isa = PBXBuildFile; fileRef = BD237C1F238B8D7900EBE934 /* CollectionViewController.swift */; };
		BD237C22238B8EA200EBE934 /* UICustomCollectionViewCell.swift in Sources */ = {isa = PBXBuildFile; fileRef = BD237C21238B8EA200EBE934 /* UICustomCollectionViewCell.swift */; };
/* End PBXBuildFile section */

/* Begin PBXFileReference section */
		BD237C06238B8C5600EBE934 /* CustomCollectionViewLayout.app */ = {isa = PBXFileReference; explicitFileType = wrapper.application; includeInIndex = 0; path = CustomCollectionViewLayout.app; sourceTree = BUILT_PRODUCTS_DIR; };
		BD237C09238B8C5600EBE934 /* AppDelegate.swift */ = {isa = PBXFileReference; lastKnownFileType = sourcecode.swift; path = AppDelegate.swift; sourceTree = "<group>"; };
		BD237C0B238B8C5600EBE934 /* SceneDelegate.swift */ = {isa = PBXFileReference; lastKnownFileType = sourcecode.swift; path = SceneDelegate.swift; sourceTree = "<group>"; };
		BD237C10238B8C5600EBE934 /* Base */ = {isa = PBXFileReference; lastKnownFileType = file.storyboard; name = Base; path = Base.lproj/Main.storyboard; sourceTree = "<group>"; };
		BD237C12238B8C5700EBE934 /* Assets.xcassets */ = {isa = PBXFileReference; lastKnownFileType = folder.assetcatalog; path = Assets.xcassets; sourceTree = "<group>"; };
		BD237C15238B8C5700EBE934 /* Base */ = {isa = PBXFileReference; lastKnownFileType = file.storyboard; name = Base; path = Base.lproj/LaunchScreen.storyboard; sourceTree = "<group>"; };
		BD237C17238B8C5700EBE934 /* Info.plist */ = {isa = PBXFileReference; lastKnownFileType = text.plist.xml; path = Info.plist; sourceTree = "<group>"; };
		BD237C1D238B8CE300EBE934 /* UICustomCollectionViewLayout.swift */ = {isa = PBXFileReference; lastKnownFileType = sourcecode.swift; path = UICustomCollectionViewLayout.swift; sourceTree = "<group>"; };
		BD237C1F238B8D7900EBE934 /* CollectionViewController.swift */ = {isa = PBXFileReference; lastKnownFileType = sourcecode.swift; path = CollectionViewController.swift; sourceTree = "<group>"; };
		BD237C21238B8EA200EBE934 /* UICustomCollectionViewCell.swift */ = {isa = PBXFileReference; lastKnownFileType = sourcecode.swift; path = UICustomCollectionViewCell.swift; sourceTree = "<group>"; };
/* End PBXFileReference section */

/* Begin PBXFrameworksBuildPhase section */
		BD237C03238B8C5600EBE934 /* Frameworks */ = {
			isa = PBXFrameworksBuildPhase;
			buildActionMask = 2147483647;
			files = (
			);
			runOnlyForDeploymentPostprocessing = 0;
		};
/* End PBXFrameworksBuildPhase section */

/* Begin PBXGroup section */
		BD237BFD238B8C5600EBE934 = {
			isa = PBXGroup;
			children = (
				BD237C08238B8C5600EBE934 /* CustomCollectionViewLayout */,
				BD237C07238B8C5600EBE934 /* Products */,
			);
			sourceTree = "<group>";
		};
		BD237C07238B8C5600EBE934 /* Products */ = {
			isa = PBXGroup;
			children = (
				BD237C06238B8C5600EBE934 /* CustomCollectionViewLayout.app */,
			);
			name = Products;
			sourceTree = "<group>";
		};
		BD237C08238B8C5600EBE934 /* CustomCollectionViewLayout */ = {
			isa = PBXGroup;
			children = (
				BD237C09238B8C5600EBE934 /* AppDelegate.swift */,
				BD237C0B238B8C5600EBE934 /* SceneDelegate.swift */,
				BD237C1F238B8D7900EBE934 /* CollectionViewController.swift */,
				BD237C21238B8EA200EBE934 /* UICustomCollectionViewCell.swift */,
				BD237C0F238B8C5600EBE934 /* Main.storyboard */,
				BD237C1D238B8CE300EBE934 /* UICustomCollectionViewLayout.swift */,
				BD237C12238B8C5700EBE934 /* Assets.xcassets */,
				BD237C14238B8C5700EBE934 /* LaunchScreen.storyboard */,
				BD237C17238B8C5700EBE934 /* Info.plist */,
			);
			path = CustomCollectionViewLayout;
			sourceTree = "<group>";
		};
/* End PBXGroup section */

/* Begin PBXNativeTarget section */
		BD237C05238B8C5600EBE934 /* CustomCollectionViewLayout */ = {
			isa = PBXNativeTarget;
			buildConfigurationList = BD237C1A238B8C5700EBE934 /* Build configuration list for PBXNativeTarget "CustomCollectionViewLayout" */;
			buildPhases = (
				BD237C02238B8C5600EBE934 /* Sources */,
				BD237C03238B8C5600EBE934 /* Frameworks */,
				BD237C04238B8C5600EBE934 /* Resources */,
			);
			buildRules = (
			);
			dependencies = (
			);
			name = CustomCollectionViewLayout;
			productName = CustomCollectionViewLayout;
			productReference = BD237C06238B8C5600EBE934 /* CustomCollectionViewLayout.app */;
			productType = "com.apple.product-type.application";
		};
/* End PBXNativeTarget section */

/* Begin PBXProject section */
		BD237BFE238B8C5600EBE934 /* Project object */ = {
			isa = PBXProject;
			attributes = {
				LastSwiftUpdateCheck = 1120;
				LastUpgradeCheck = 1120;
				ORGANIZATIONNAME = PTV;
				TargetAttributes = {
					BD237C05238B8C5600EBE934 = {
						CreatedOnToolsVersion = 11.2.1;
					};
				};
			};
			buildConfigurationList = BD237C01238B8C5600EBE934 /* Build configuration list for PBXProject "CustomCollectionViewLayout" */;
			compatibilityVersion = "Xcode 9.3";
			developmentRegion = en;
			hasScannedForEncodings = 0;
			knownRegions = (
				en,
				Base,
			);
			mainGroup = BD237BFD238B8C5600EBE934;
			productRefGroup = BD237C07238B8C5600EBE934 /* Products */;
			projectDirPath = "";
			projectRoot = "";
			targets = (
				BD237C05238B8C5600EBE934 /* CustomCollectionViewLayout */,
			);
		};
/* End PBXProject section */

/* Begin PBXResourcesBuildPhase section */
		BD237C04238B8C5600EBE934 /* Resources */ = {
			isa = PBXResourcesBuildPhase;
			buildActionMask = 2147483647;
			files = (
				BD237C16238B8C5700EBE934 /* LaunchScreen.storyboard in Resources */,
				BD237C13238B8C5700EBE934 /* Assets.xcassets in Resources */,
				BD237C11238B8C5600EBE934 /* Main.storyboard in Resources */,
			);
			runOnlyForDeploymentPostprocessing = 0;
		};
/* End PBXResourcesBuildPhase section */

/* Begin PBXSourcesBuildPhase section */
		BD237C02238B8C5600EBE934 /* Sources */ = {
			isa = PBXSourcesBuildPhase;
			buildActionMask = 2147483647;
			files = (
				BD237C20238B8D7900EBE934 /* CollectionViewController.swift in Sources */,
				BD237C22238B8EA200EBE934 /* UICustomCollectionViewCell.swift in Sources */,
				BD237C0A238B8C5600EBE934 /* AppDelegate.swift in Sources */,
				BD237C0C238B8C5600EBE934 /* SceneDelegate.swift in Sources */,
				BD237C1E238B8CE300EBE934 /* UICustomCollectionViewLayout.swift in Sources */,
			);
			runOnlyForDeploymentPostprocessing = 0;
		};
/* End PBXSourcesBuildPhase section */

/* Begin PBXVariantGroup section */
		BD237C0F238B8C5600EBE934 /* Main.storyboard */ = {
			isa = PBXVariantGroup;
			children = (
				BD237C10238B8C5600EBE934 /* Base */,
			);
			name = Main.storyboard;
			sourceTree = "<group>";
		};
		BD237C14238B8C5700EBE934 /* LaunchScreen.storyboard */ = {
			isa = PBXVariantGroup;
			children = (
				BD237C15238B8C5700EBE934 /* Base */,
			);
			name = LaunchScreen.storyboard;
			sourceTree = "<group>";
		};
/* End PBXVariantGroup section */

/* Begin XCBuildConfiguration section */
		BD237C18238B8C5700EBE934 /* Debug */ = {
			isa = XCBuildConfiguration;
			buildSettings = {
				ALWAYS_SEARCH_USER_PATHS = NO;
				CLANG_ANALYZER_NONNULL = YES;
				CLANG_ANALYZER_NUMBER_OBJECT_CONVERSION = YES_AGGRESSIVE;
				CLANG_CXX_LANGUAGE_STANDARD = "gnu++14";
				CLANG_CXX_LIBRARY = "libc++";
				CLANG_ENABLE_MODULES = YES;
				CLANG_ENABLE_OBJC_ARC = YES;
				CLANG_ENABLE_OBJC_WEAK = YES;
				CLANG_WARN_BLOCK_CAPTURE_AUTORELEASING = YES;
				CLANG_WARN_BOOL_CONVERSION = YES;
				CLANG_WARN_COMMA = YES;
				CLANG_WARN_CONSTANT_CONVERSION = YES;
				CLANG_WARN_DEPRECATED_OBJC_IMPLEMENTATIONS = YES;
				CLANG_WARN_DIRECT_OBJC_ISA_USAGE = YES_ERROR;
				CLANG_WARN_DOCUMENTATION_COMMENTS = YES;
				CLANG_WARN_EMPTY_BODY = YES;
				CLANG_WARN_ENUM_CONVERSION = YES;
				CLANG_WARN_INFINITE_RECURSION = YES;
				CLANG_WARN_INT_CONVERSION = YES;
				CLANG_WARN_NON_LITERAL_NULL_CONVERSION = YES;
				CLANG_WARN_OBJC_IMPLICIT_RETAIN_SELF = YES;
				CLANG_WARN_OBJC_LITERAL_CONVERSION = YES;
				CLANG_WARN_OBJC_ROOT_CLASS = YES_ERROR;
				CLANG_WARN_RANGE_LOOP_ANALYSIS = YES;
				CLANG_WARN_STRICT_PROTOTYPES = YES;
				CLANG_WARN_SUSPICIOUS_MOVE = YES;
				CLANG_WARN_UNGUARDED_AVAILABILITY = YES_AGGRESSIVE;
				CLANG_WARN_UNREACHABLE_CODE = YES;
				CLANG_WARN__DUPLICATE_METHOD_MATCH = YES;
				COPY_PHASE_STRIP = NO;
				DEBUG_INFORMATION_FORMAT = dwarf;
				ENABLE_STRICT_OBJC_MSGSEND = YES;
				ENABLE_TESTABILITY = YES;
				GCC_C_LANGUAGE_STANDARD = gnu11;
				GCC_DYNAMIC_NO_PIC = NO;
				GCC_NO_COMMON_BLOCKS = YES;
				GCC_OPTIMIZATION_LEVEL = 0;
				GCC_PREPROCESSOR_DEFINITIONS = (
					"DEBUG=1",
					"$(inherited)",
				);
				GCC_WARN_64_TO_32_BIT_CONVERSION = YES;
				GCC_WARN_ABOUT_RETURN_TYPE = YES_ERROR;
				GCC_WARN_UNDECLARED_SELECTOR = YES;
				GCC_WARN_UNINITIALIZED_AUTOS = YES_AGGRESSIVE;
				GCC_WARN_UNUSED_FUNCTION = YES;
				GCC_WARN_UNUSED_VARIABLE = YES;
				IPHONEOS_DEPLOYMENT_TARGET = 13.2;
				MTL_ENABLE_DEBUG_INFO = INCLUDE_SOURCE;
				MTL_FAST_MATH = YES;
				ONLY_ACTIVE_ARCH = YES;
				SDKROOT = iphoneos;
				SWIFT_ACTIVE_COMPILATION_CONDITIONS = DEBUG;
				SWIFT_OPTIMIZATION_LEVEL = "-Onone";
			};
			name = Debug;
		};
		BD237C19238B8C5700EBE934 /* Release */ = {
			isa = XCBuildConfiguration;
			buildSettings = {
				ALWAYS_SEARCH_USER_PATHS = NO;
				CLANG_ANALYZER_NONNULL = YES;
				CLANG_ANALYZER_NUMBER_OBJECT_CONVERSION = YES_AGGRESSIVE;
				CLANG_CXX_LANGUAGE_STANDARD = "gnu++14";
				CLANG_CXX_LIBRARY = "libc++";
				CLANG_ENABLE_MODULES = YES;
				CLANG_ENABLE_OBJC_ARC = YES;
				CLANG_ENABLE_OBJC_WEAK = YES;
				CLANG_WARN_BLOCK_CAPTURE_AUTORELEASING = YES;
				CLANG_WARN_BOOL_CONVERSION = YES;
				CLANG_WARN_COMMA = YES;
				CLANG_WARN_CONSTANT_CONVERSION = YES;
				CLANG_WARN_DEPRECATED_OBJC_IMPLEMENTATIONS = YES;
				CLANG_WARN_DIRECT_OBJC_ISA_USAGE = YES_ERROR;
				CLANG_WARN_DOCUMENTATION_COMMENTS = YES;
				CLANG_WARN_EMPTY_BODY = YES;
				CLANG_WARN_ENUM_CONVERSION = YES;
				CLANG_WARN_INFINITE_RECURSION = YES;
				CLANG_WARN_INT_CONVERSION = YES;
				CLANG_WARN_NON_LITERAL_NULL_CONVERSION = YES;
				CLANG_WARN_OBJC_IMPLICIT_RETAIN_SELF = YES;
				CLANG_WARN_OBJC_LITERAL_CONVERSION = YES;
				CLANG_WARN_OBJC_ROOT_CLASS = YES_ERROR;
				CLANG_WARN_RANGE_LOOP_ANALYSIS = YES;
				CLANG_WARN_STRICT_PROTOTYPES = YES;
				CLANG_WARN_SUSPICIOUS_MOVE = YES;
				CLANG_WARN_UNGUARDED_AVAILABILITY = YES_AGGRESSIVE;
				CLANG_WARN_UNREACHABLE_CODE = YES;
				CLANG_WARN__DUPLICATE_METHOD_MATCH = YES;
				COPY_PHASE_STRIP = NO;
				DEBUG_INFORMATION_FORMAT = "dwarf-with-dsym";
				ENABLE_NS_ASSERTIONS = NO;
				ENABLE_STRICT_OBJC_MSGSEND = YES;
				GCC_C_LANGUAGE_STANDARD = gnu11;
				GCC_NO_COMMON_BLOCKS = YES;
				GCC_WARN_64_TO_32_BIT_CONVERSION = YES;
				GCC_WARN_ABOUT_RETURN_TYPE = YES_ERROR;
				GCC_WARN_UNDECLARED_SELECTOR = YES;
				GCC_WARN_UNINITIALIZED_AUTOS = YES_AGGRESSIVE;
				GCC_WARN_UNUSED_FUNCTION = YES;
				GCC_WARN_UNUSED_VARIABLE = YES;
				IPHONEOS_DEPLOYMENT_TARGET = 13.2;
				MTL_ENABLE_DEBUG_INFO = NO;
				MTL_FAST_MATH = YES;
				SDKROOT = iphoneos;
				SWIFT_COMPILATION_MODE = wholemodule;
				SWIFT_OPTIMIZATION_LEVEL = "-O";
				VALIDATE_PRODUCT = YES;
			};
			name = Release;
		};
		BD237C1B238B8C5700EBE934 /* Debug */ = {
			isa = XCBuildConfiguration;
			buildSettings = {
				ASSETCATALOG_COMPILER_APPICON_NAME = AppIcon;
				CODE_SIGN_STYLE = Automatic;
				DEVELOPMENT_TEAM = DRX889FW83;
				INFOPLIST_FILE = CustomCollectionViewLayout/Info.plist;
				IPHONEOS_DEPLOYMENT_TARGET = 13.0;
				LD_RUNPATH_SEARCH_PATHS = (
					"$(inherited)",
					"@executable_path/Frameworks",
				);
				PRODUCT_BUNDLE_IDENTIFIER = vinhphan.CustomCollectionViewLayout;
				PRODUCT_NAME = "$(TARGET_NAME)";
				SWIFT_VERSION = 5.0;
				TARGETED_DEVICE_FAMILY = "1,2";
			};
			name = Debug;
		};
		BD237C1C238B8C5700EBE934 /* Release */ = {
			isa = XCBuildConfiguration;
			buildSettings = {
				ASSETCATALOG_COMPILER_APPICON_NAME = AppIcon;
				CODE_SIGN_STYLE = Automatic;
				DEVELOPMENT_TEAM = DRX889FW83;
				INFOPLIST_FILE = CustomCollectionViewLayout/Info.plist;
				IPHONEOS_DEPLOYMENT_TARGET = 13.0;
				LD_RUNPATH_SEARCH_PATHS = (
					"$(inherited)",
					"@executable_path/Frameworks",
				);
				PRODUCT_BUNDLE_IDENTIFIER = vinhphan.CustomCollectionViewLayout;
				PRODUCT_NAME = "$(TARGET_NAME)";
				SWIFT_VERSION = 5.0;
				TARGETED_DEVICE_FAMILY = "1,2";
			};
			name = Release;
		};
/* End XCBuildConfiguration section */

/* Begin XCConfigurationList section */
		BD237C01238B8C5600EBE934 /* Build configuration list for PBXProject "CustomCollectionViewLayout" */ = {
			isa = XCConfigurationList;
			buildConfigurations = (
				BD237C18238B8C5700EBE934 /* Debug */,
				BD237C19238B8C5700EBE934 /* Release */,
			);
			defaultConfigurationIsVisible = 0;
			defaultConfigurationName = Release;
		};
		BD237C1A238B8C5700EBE934 /* Build configuration list for PBXNativeTarget "CustomCollectionViewLayout" */ = {
			isa = XCConfigurationList;
			buildConfigurations = (
				BD237C1B238B8C5700EBE934 /* Debug */,
				BD237C1C238B8C5700EBE934 /* Release */,
			);
			defaultConfigurationIsVisible = 0;
			defaultConfigurationName = Release;
		};
/* End XCConfigurationList section */
	};
	rootObject = BD237BFE238B8C5600EBE934 /* Project object */;
}
