// !$*UTF8*$!
{
	archiveVersion = 1;
	classes = {
	};
	objectVersion = 50;
	objects = {

/* Begin PBXBuildFile section */
		8753004C2397EEF2009D633A /* AppDelegate.swift in Sources */ = {isa = PBXBuildFile; fileRef = 8753004B2397EEF2009D633A /* AppDelegate.swift */; };
		8753004E2397EEF2009D633A /* SceneDelegate.swift in Sources */ = {isa = PBXBuildFile; fileRef = 8753004D2397EEF2009D633A /* SceneDelegate.swift */; };
		875300502397EEF2009D633A /* AViewController.swift in Sources */ = {isa = PBXBuildFile; fileRef = 8753004F2397EEF2009D633A /* AViewController.swift */; };
		875300532397EEF2009D633A /* Main.storyboard in Resources */ = {isa = PBXBuildFile; fileRef = 875300512397EEF2009D633A /* Main.storyboard */; };
		875300552397EEF3009D633A /* Assets.xcassets in Resources */ = {isa = PBXBuildFile; fileRef = 875300542397EEF3009D633A /* Assets.xcassets */; };
		875300582397EEF3009D633A /* LaunchScreen.storyboard in Resources */ = {isa = PBXBuildFile; fileRef = 875300562397EEF3009D633A /* LaunchScreen.storyboard */; };
		875300602397EFF4009D633A /* BViewController.swift in Sources */ = {isa = PBXBuildFile; fileRef = 8753005F2397EFF4009D633A /* BViewController.swift */; };
/* End PBXBuildFile section */

/* Begin PBXFileReference section */
		875300482397EEF2009D633A /* ViewControllerLifeCycle.app */ = {isa = PBXFileReference; explicitFileType = wrapper.application; includeInIndex = 0; path = ViewControllerLifeCycle.app; sourceTree = BUILT_PRODUCTS_DIR; };
		8753004B2397EEF2009D633A /* AppDelegate.swift */ = {isa = PBXFileReference; lastKnownFileType = sourcecode.swift; path = AppDelegate.swift; sourceTree = "<group>"; };
		8753004D2397EEF2009D633A /* SceneDelegate.swift */ = {isa = PBXFileReference; lastKnownFileType = sourcecode.swift; path = SceneDelegate.swift; sourceTree = "<group>"; };
		8753004F2397EEF2009D633A /* AViewController.swift */ = {isa = PBXFileReference; lastKnownFileType = sourcecode.swift; path = AViewController.swift; sourceTree = "<group>"; };
		875300522397EEF2009D633A /* Base */ = {isa = PBXFileReference; lastKnownFileType = file.storyboard; name = Base; path = Base.lproj/Main.storyboard; sourceTree = "<group>"; };
		875300542397EEF3009D633A /* Assets.xcassets */ = {isa = PBXFileReference; lastKnownFileType = folder.assetcatalog; path = Assets.xcassets; sourceTree = "<group>"; };
		875300572397EEF3009D633A /* Base */ = {isa = PBXFileReference; lastKnownFileType = file.storyboard; name = Base; path = Base.lproj/LaunchScreen.storyboard; sourceTree = "<group>"; };
		875300592397EEF3009D633A /* Info.plist */ = {isa = PBXFileReference; lastKnownFileType = text.plist.xml; path = Info.plist; sourceTree = "<group>"; };
		8753005F2397EFF4009D633A /* BViewController.swift */ = {isa = PBXFileReference; lastKnownFileType = sourcecode.swift; path = BViewController.swift; sourceTree = "<group>"; };
/* End PBXFileReference section */

/* Begin PBXFrameworksBuildPhase section */
		875300452397EEF2009D633A /* Frameworks */ = {
			isa = PBXFrameworksBuildPhase;
			buildActionMask = 2147483647;
			files = (
			);
			runOnlyForDeploymentPostprocessing = 0;
		};
/* End PBXFrameworksBuildPhase section */

/* Begin PBXGroup section */
		8753003F2397EEF2009D633A = {
			isa = PBXGroup;
			children = (
				8753004A2397EEF2009D633A /* ViewControllerLifeCycle */,
				875300492397EEF2009D633A /* Products */,
			);
			sourceTree = "<group>";
		};
		875300492397EEF2009D633A /* Products */ = {
			isa = PBXGroup;
			children = (
				875300482397EEF2009D633A /* ViewControllerLifeCycle.app */,
			);
			name = Products;
			sourceTree = "<group>";
		};
		8753004A2397EEF2009D633A /* ViewControllerLifeCycle */ = {
			isa = PBXGroup;
			children = (
				8753004B2397EEF2009D633A /* AppDelegate.swift */,
				8753004D2397EEF2009D633A /* SceneDelegate.swift */,
				8753004F2397EEF2009D633A /* AViewController.swift */,
				8753005F2397EFF4009D633A /* BViewController.swift */,
				875300512397EEF2009D633A /* Main.storyboard */,
				875300542397EEF3009D633A /* Assets.xcassets */,
				875300562397EEF3009D633A /* LaunchScreen.storyboard */,
				875300592397EEF3009D633A /* Info.plist */,
			);
			path = ViewControllerLifeCycle;
			sourceTree = "<group>";
		};
/* End PBXGroup section */

/* Begin PBXNativeTarget section */
		875300472397EEF2009D633A /* ViewControllerLifeCycle */ = {
			isa = PBXNativeTarget;
			buildConfigurationList = 8753005C2397EEF3009D633A /* Build configuration list for PBXNativeTarget "ViewControllerLifeCycle" */;
			buildPhases = (
				875300442397EEF2009D633A /* Sources */,
				875300452397EEF2009D633A /* Frameworks */,
				875300462397EEF2009D633A /* Resources */,
			);
			buildRules = (
			);
			dependencies = (
			);
			name = ViewControllerLifeCycle;
			productName = ViewControllerLifeCycle;
			productReference = 875300482397EEF2009D633A /* ViewControllerLifeCycle.app */;
			productType = "com.apple.product-type.application";
		};
/* End PBXNativeTarget section */

/* Begin PBXProject section */
		875300402397EEF2009D633A /* Project object */ = {
			isa = PBXProject;
			attributes = {
				LastSwiftUpdateCheck = 1110;
				LastUpgradeCheck = 1110;
				ORGANIZATIONNAME = iMac_VTCA;
				TargetAttributes = {
					875300472397EEF2009D633A = {
						CreatedOnToolsVersion = 11.1;
					};
				};
			};
			buildConfigurationList = 875300432397EEF2009D633A /* Build configuration list for PBXProject "ViewControllerLifeCycle" */;
			compatibilityVersion = "Xcode 9.3";
			developmentRegion = en;
			hasScannedForEncodings = 0;
			knownRegions = (
				en,
				Base,
			);
			mainGroup = 8753003F2397EEF2009D633A;
			productRefGroup = 875300492397EEF2009D633A /* Products */;
			projectDirPath = "";
			projectRoot = "";
			targets = (
				875300472397EEF2009D633A /* ViewControllerLifeCycle */,
			);
		};
/* End PBXProject section */

/* Begin PBXResourcesBuildPhase section */
		875300462397EEF2009D633A /* Resources */ = {
			isa = PBXResourcesBuildPhase;
			buildActionMask = 2147483647;
			files = (
				875300582397EEF3009D633A /* LaunchScreen.storyboard in Resources */,
				875300552397EEF3009D633A /* Assets.xcassets in Resources */,
				875300532397EEF2009D633A /* Main.storyboard in Resources */,
			);
			runOnlyForDeploymentPostprocessing = 0;
		};
/* End PBXResourcesBuildPhase section */

/* Begin PBXSourcesBuildPhase section */
		875300442397EEF2009D633A /* Sources */ = {
			isa = PBXSourcesBuildPhase;
			buildActionMask = 2147483647;
			files = (
				875300502397EEF2009D633A /* AViewController.swift in Sources */,
				875300602397EFF4009D633A /* BViewController.swift in Sources */,
				8753004C2397EEF2009D633A /* AppDelegate.swift in Sources */,
				8753004E2397EEF2009D633A /* SceneDelegate.swift in Sources */,
			);
			runOnlyForDeploymentPostprocessing = 0;
		};
/* End PBXSourcesBuildPhase section */

/* Begin PBXVariantGroup section */
		875300512397EEF2009D633A /* Main.storyboard */ = {
			isa = PBXVariantGroup;
			children = (
				875300522397EEF2009D633A /* Base */,
			);
			name = Main.storyboard;
			sourceTree = "<group>";
		};
		875300562397EEF3009D633A /* LaunchScreen.storyboard */ = {
			isa = PBXVariantGroup;
			children = (
				875300572397EEF3009D633A /* Base */,
			);
			name = LaunchScreen.storyboard;
			sourceTree = "<group>";
		};
/* End PBXVariantGroup section */

/* Begin XCBuildConfiguration section */
		8753005A2397EEF3009D633A /* Debug */ = {
			isa = XCBuildConfiguration;
			buildSettings = {
				ALWAYS_SEARCH_USER_PATHS = NO;
				CLANG_ANALYZER_NONNULL = YES;
				CLANG_ANALYZER_NUMBER_OBJECT_CONVERSION = YES_AGGRESSIVE;
				CLANG_CXX_LANGUAGE_STANDARD = "gnu++14";
				CLANG_CXX_LIBRARY = "libc++";
				CLANG_ENABLE_MODULES = YES;
				CLANG_ENABLE_OBJC_ARC = YES;
				CLANG_ENABLE_OBJC_WEAK = YES;
				CLANG_WARN_BLOCK_CAPTURE_AUTORELEASING = YES;
				CLANG_WARN_BOOL_CONVERSION = YES;
				CLANG_WARN_COMMA = YES;
				CLANG_WARN_CONSTANT_CONVERSION = YES;
				CLANG_WARN_DEPRECATED_OBJC_IMPLEMENTATIONS = YES;
				CLANG_WARN_DIRECT_OBJC_ISA_USAGE = YES_ERROR;
				CLANG_WARN_DOCUMENTATION_COMMENTS = YES;
				CLANG_WARN_EMPTY_BODY = YES;
				CLANG_WARN_ENUM_CONVERSION = YES;
				CLANG_WARN_INFINITE_RECURSION = YES;
				CLANG_WARN_INT_CONVERSION = YES;
				CLANG_WARN_NON_LITERAL_NULL_CONVERSION = YES;
				CLANG_WARN_OBJC_IMPLICIT_RETAIN_SELF = YES;
				CLANG_WARN_OBJC_LITERAL_CONVERSION = YES;
				CLANG_WARN_OBJC_ROOT_CLASS = YES_ERROR;
				CLANG_WARN_RANGE_LOOP_ANALYSIS = YES;
				CLANG_WARN_STRICT_PROTOTYPES = YES;
				CLANG_WARN_SUSPICIOUS_MOVE = YES;
				CLANG_WARN_UNGUARDED_AVAILABILITY = YES_AGGRESSIVE;
				CLANG_WARN_UNREACHABLE_CODE = YES;
				CLANG_WARN__DUPLICATE_METHOD_MATCH = YES;
				COPY_PHASE_STRIP = NO;
				DEBUG_INFORMATION_FORMAT = dwarf;
				ENABLE_STRICT_OBJC_MSGSEND = YES;
				ENABLE_TESTABILITY = YES;
				GCC_C_LANGUAGE_STANDARD = gnu11;
				GCC_DYNAMIC_NO_PIC = NO;
				GCC_NO_COMMON_BLOCKS = YES;
				GCC_OPTIMIZATION_LEVEL = 0;
				GCC_PREPROCESSOR_DEFINITIONS = (
					"DEBUG=1",
					"$(inherited)",
				);
				GCC_WARN_64_TO_32_BIT_CONVERSION = YES;
				GCC_WARN_ABOUT_RETURN_TYPE = YES_ERROR;
				GCC_WARN_UNDECLARED_SELECTOR = YES;
				GCC_WARN_UNINITIALIZED_AUTOS = YES_AGGRESSIVE;
				GCC_WARN_UNUSED_FUNCTION = YES;
				GCC_WARN_UNUSED_VARIABLE = YES;
				IPHONEOS_DEPLOYMENT_TARGET = 13.1;
				MTL_ENABLE_DEBUG_INFO = INCLUDE_SOURCE;
				MTL_FAST_MATH = YES;
				ONLY_ACTIVE_ARCH = YES;
				SDKROOT = iphoneos;
				SWIFT_ACTIVE_COMPILATION_CONDITIONS = DEBUG;
				SWIFT_OPTIMIZATION_LEVEL = "-Onone";
			};
			name = Debug;
		};
		8753005B2397EEF3009D633A /* Release */ = {
			isa = XCBuildConfiguration;
			buildSettings = {
				ALWAYS_SEARCH_USER_PATHS = NO;
				CLANG_ANALYZER_NONNULL = YES;
				CLANG_ANALYZER_NUMBER_OBJECT_CONVERSION = YES_AGGRESSIVE;
				CLANG_CXX_LANGUAGE_STANDARD = "gnu++14";
				CLANG_CXX_LIBRARY = "libc++";
				CLANG_ENABLE_MODULES = YES;
				CLANG_ENABLE_OBJC_ARC = YES;
				CLANG_ENABLE_OBJC_WEAK = YES;
				CLANG_WARN_BLOCK_CAPTURE_AUTORELEASING = YES;
				CLANG_WARN_BOOL_CONVERSION = YES;
				CLANG_WARN_COMMA = YES;
				CLANG_WARN_CONSTANT_CONVERSION = YES;
				CLANG_WARN_DEPRECATED_OBJC_IMPLEMENTATIONS = YES;
				CLANG_WARN_DIRECT_OBJC_ISA_USAGE = YES_ERROR;
				CLANG_WARN_DOCUMENTATION_COMMENTS = YES;
				CLANG_WARN_EMPTY_BODY = YES;
				CLANG_WARN_ENUM_CONVERSION = YES;
				CLANG_WARN_INFINITE_RECURSION = YES;
				CLANG_WARN_INT_CONVERSION = YES;
				CLANG_WARN_NON_LITERAL_NULL_CONVERSION = YES;
				CLANG_WARN_OBJC_IMPLICIT_RETAIN_SELF = YES;
				CLANG_WARN_OBJC_LITERAL_CONVERSION = YES;
				CLANG_WARN_OBJC_ROOT_CLASS = YES_ERROR;
				CLANG_WARN_RANGE_LOOP_ANALYSIS = YES;
				CLANG_WARN_STRICT_PROTOTYPES = YES;
				CLANG_WARN_SUSPICIOUS_MOVE = YES;
				CLANG_WARN_UNGUARDED_AVAILABILITY = YES_AGGRESSIVE;
				CLANG_WARN_UNREACHABLE_CODE = YES;
				CLANG_WARN__DUPLICATE_METHOD_MATCH = YES;
				COPY_PHASE_STRIP = NO;
				DEBUG_INFORMATION_FORMAT = "dwarf-with-dsym";
				ENABLE_NS_ASSERTIONS = NO;
				ENABLE_STRICT_OBJC_MSGSEND = YES;
				GCC_C_LANGUAGE_STANDARD = gnu11;
				GCC_NO_COMMON_BLOCKS = YES;
				GCC_WARN_64_TO_32_BIT_CONVERSION = YES;
				GCC_WARN_ABOUT_RETURN_TYPE = YES_ERROR;
				GCC_WARN_UNDECLARED_SELECTOR = YES;
				GCC_WARN_UNINITIALIZED_AUTOS = YES_AGGRESSIVE;
				GCC_WARN_UNUSED_FUNCTION = YES;
				GCC_WARN_UNUSED_VARIABLE = YES;
				IPHONEOS_DEPLOYMENT_TARGET = 13.1;
				MTL_ENABLE_DEBUG_INFO = NO;
				MTL_FAST_MATH = YES;
				SDKROOT = iphoneos;
				SWIFT_COMPILATION_MODE = wholemodule;
				SWIFT_OPTIMIZATION_LEVEL = "-O";
				VALIDATE_PRODUCT = YES;
			};
			name = Release;
		};
		8753005D2397EEF3009D633A /* Debug */ = {
			isa = XCBuildConfiguration;
			buildSettings = {
				ASSETCATALOG_COMPILER_APPICON_NAME = AppIcon;
				CODE_SIGN_STYLE = Automatic;
				INFOPLIST_FILE = ViewControllerLifeCycle/Info.plist;
				LD_RUNPATH_SEARCH_PATHS = (
					"$(inherited)",
					"@executable_path/Frameworks",
				);
				PRODUCT_BUNDLE_IDENTIFIER = Vinh.ViewControllerLifeCycle;
				PRODUCT_NAME = "$(TARGET_NAME)";
				SWIFT_VERSION = 5.0;
				TARGETED_DEVICE_FAMILY = "1,2";
			};
			name = Debug;
		};
		8753005E2397EEF3009D633A /* Release */ = {
			isa = XCBuildConfiguration;
			buildSettings = {
				ASSETCATALOG_COMPILER_APPICON_NAME = AppIcon;
				CODE_SIGN_STYLE = Automatic;
				INFOPLIST_FILE = ViewControllerLifeCycle/Info.plist;
				LD_RUNPATH_SEARCH_PATHS = (
					"$(inherited)",
					"@executable_path/Frameworks",
				);
				PRODUCT_BUNDLE_IDENTIFIER = Vinh.ViewControllerLifeCycle;
				PRODUCT_NAME = "$(TARGET_NAME)";
				SWIFT_VERSION = 5.0;
				TARGETED_DEVICE_FAMILY = "1,2";
			};
			name = Release;
		};
/* End XCBuildConfiguration section */

/* Begin XCConfigurationList section */
		875300432397EEF2009D633A /* Build configuration list for PBXProject "ViewControllerLifeCycle" */ = {
			isa = XCConfigurationList;
			buildConfigurations = (
				8753005A2397EEF3009D633A /* Debug */,
				8753005B2397EEF3009D633A /* Release */,
			);
			defaultConfigurationIsVisible = 0;
			defaultConfigurationName = Release;
		};
		8753005C2397EEF3009D633A /* Build configuration list for PBXNativeTarget "ViewControllerLifeCycle" */ = {
			isa = XCConfigurationList;
			buildConfigurations = (
				8753005D2397EEF3009D633A /* Debug */,
				8753005E2397EEF3009D633A /* Release */,
			);
			defaultConfigurationIsVisible = 0;
			defaultConfigurationName = Release;
		};
/* End XCConfigurationList section */
	};
	rootObject = 875300402397EEF2009D633A /* Project object */;
}
