// !$*UTF8*$!
{
	archiveVersion = 1;
	classes = {
	};
	objectVersion = 50;
	objects = {

/* Begin PBXBuildFile section */
		BDEE17352367FECC00BF8FD1 /* AppDelegate.m in Sources */ = {isa = PBXBuildFile; fileRef = BDEE17342367FECC00BF8FD1 /* AppDelegate.m */; };
		BDEE17382367FECC00BF8FD1 /* SceneDelegate.m in Sources */ = {isa = PBXBuildFile; fileRef = BDEE17372367FECC00BF8FD1 /* SceneDelegate.m */; };
		BDEE173B2367FECC00BF8FD1 /* ViewController.m in Sources */ = {isa = PBXBuildFile; fileRef = BDEE173A2367FECC00BF8FD1 /* ViewController.m */; };
		BDEE173E2367FECC00BF8FD1 /* Main.storyboard in Resources */ = {isa = PBXBuildFile; fileRef = BDEE173C2367FECC00BF8FD1 /* Main.storyboard */; };
		BDEE17402367FECE00BF8FD1 /* Assets.xcassets in Resources */ = {isa = PBXBuildFile; fileRef = BDEE173F2367FECE00BF8FD1 /* Assets.xcassets */; };
		BDEE17432367FECE00BF8FD1 /* LaunchScreen.storyboard in Resources */ = {isa = PBXBuildFile; fileRef = BDEE17412367FECE00BF8FD1 /* LaunchScreen.storyboard */; };
		BDEE17462367FECE00BF8FD1 /* main.m in Sources */ = {isa = PBXBuildFile; fileRef = BDEE17452367FECE00BF8FD1 /* main.m */; };
/* End PBXBuildFile section */

/* Begin PBXFileReference section */
		BDEE17302367FECC00BF8FD1 /* DigitalClock.app */ = {isa = PBXFileReference; explicitFileType = wrapper.application; includeInIndex = 0; path = DigitalClock.app; sourceTree = BUILT_PRODUCTS_DIR; };
		BDEE17332367FECC00BF8FD1 /* AppDelegate.h */ = {isa = PBXFileReference; lastKnownFileType = sourcecode.c.h; path = AppDelegate.h; sourceTree = "<group>"; };
		BDEE17342367FECC00BF8FD1 /* AppDelegate.m */ = {isa = PBXFileReference; lastKnownFileType = sourcecode.c.objc; path = AppDelegate.m; sourceTree = "<group>"; };
		BDEE17362367FECC00BF8FD1 /* SceneDelegate.h */ = {isa = PBXFileReference; lastKnownFileType = sourcecode.c.h; path = SceneDelegate.h; sourceTree = "<group>"; };
		BDEE17372367FECC00BF8FD1 /* SceneDelegate.m */ = {isa = PBXFileReference; lastKnownFileType = sourcecode.c.objc; path = SceneDelegate.m; sourceTree = "<group>"; };
		BDEE17392367FECC00BF8FD1 /* ViewController.h */ = {isa = PBXFileReference; lastKnownFileType = sourcecode.c.h; path = ViewController.h; sourceTree = "<group>"; };
		BDEE173A2367FECC00BF8FD1 /* ViewController.m */ = {isa = PBXFileReference; lastKnownFileType = sourcecode.c.objc; path = ViewController.m; sourceTree = "<group>"; };
		BDEE173D2367FECC00BF8FD1 /* Base */ = {isa = PBXFileReference; lastKnownFileType = file.storyboard; name = Base; path = Base.lproj/Main.storyboard; sourceTree = "<group>"; };
		BDEE173F2367FECE00BF8FD1 /* Assets.xcassets */ = {isa = PBXFileReference; lastKnownFileType = folder.assetcatalog; path = Assets.xcassets; sourceTree = "<group>"; };
		BDEE17422367FECE00BF8FD1 /* Base */ = {isa = PBXFileReference; lastKnownFileType = file.storyboard; name = Base; path = Base.lproj/LaunchScreen.storyboard; sourceTree = "<group>"; };
		BDEE17442367FECE00BF8FD1 /* Info.plist */ = {isa = PBXFileReference; lastKnownFileType = text.plist.xml; path = Info.plist; sourceTree = "<group>"; };
		BDEE17452367FECE00BF8FD1 /* main.m */ = {isa = PBXFileReference; lastKnownFileType = sourcecode.c.objc; path = main.m; sourceTree = "<group>"; };
/* End PBXFileReference section */

/* Begin PBXFrameworksBuildPhase section */
		BDEE172D2367FECC00BF8FD1 /* Frameworks */ = {
			isa = PBXFrameworksBuildPhase;
			buildActionMask = 2147483647;
			files = (
			);
			runOnlyForDeploymentPostprocessing = 0;
		};
/* End PBXFrameworksBuildPhase section */

/* Begin PBXGroup section */
		BDEE17272367FECC00BF8FD1 = {
			isa = PBXGroup;
			children = (
				BDEE17322367FECC00BF8FD1 /* DigitalClock */,
				BDEE17312367FECC00BF8FD1 /* Products */,
			);
			sourceTree = "<group>";
		};
		BDEE17312367FECC00BF8FD1 /* Products */ = {
			isa = PBXGroup;
			children = (
				BDEE17302367FECC00BF8FD1 /* DigitalClock.app */,
			);
			name = Products;
			sourceTree = "<group>";
		};
		BDEE17322367FECC00BF8FD1 /* DigitalClock */ = {
			isa = PBXGroup;
			children = (
				BDEE17332367FECC00BF8FD1 /* AppDelegate.h */,
				BDEE17342367FECC00BF8FD1 /* AppDelegate.m */,
				BDEE17362367FECC00BF8FD1 /* SceneDelegate.h */,
				BDEE17372367FECC00BF8FD1 /* SceneDelegate.m */,
				BDEE17392367FECC00BF8FD1 /* ViewController.h */,
				BDEE173A2367FECC00BF8FD1 /* ViewController.m */,
				BDEE173C2367FECC00BF8FD1 /* Main.storyboard */,
				BDEE173F2367FECE00BF8FD1 /* Assets.xcassets */,
				BDEE17412367FECE00BF8FD1 /* LaunchScreen.storyboard */,
				BDEE17442367FECE00BF8FD1 /* Info.plist */,
				BDEE17452367FECE00BF8FD1 /* main.m */,
			);
			path = DigitalClock;
			sourceTree = "<group>";
		};
/* End PBXGroup section */

/* Begin PBXNativeTarget section */
		BDEE172F2367FECC00BF8FD1 /* DigitalClock */ = {
			isa = PBXNativeTarget;
			buildConfigurationList = BDEE17492367FECE00BF8FD1 /* Build configuration list for PBXNativeTarget "DigitalClock" */;
			buildPhases = (
				BDEE172C2367FECC00BF8FD1 /* Sources */,
				BDEE172D2367FECC00BF8FD1 /* Frameworks */,
				BDEE172E2367FECC00BF8FD1 /* Resources */,
			);
			buildRules = (
			);
			dependencies = (
			);
			name = DigitalClock;
			productName = DigitalClock;
			productReference = BDEE17302367FECC00BF8FD1 /* DigitalClock.app */;
			productType = "com.apple.product-type.application";
		};
/* End PBXNativeTarget section */

/* Begin PBXProject section */
		BDEE17282367FECC00BF8FD1 /* Project object */ = {
			isa = PBXProject;
			attributes = {
				LastUpgradeCheck = 1110;
				ORGANIZATIONNAME = PTV;
				TargetAttributes = {
					BDEE172F2367FECC00BF8FD1 = {
						CreatedOnToolsVersion = 11.1;
					};
				};
			};
			buildConfigurationList = BDEE172B2367FECC00BF8FD1 /* Build configuration list for PBXProject "DigitalClock" */;
			compatibilityVersion = "Xcode 9.3";
			developmentRegion = en;
			hasScannedForEncodings = 0;
			knownRegions = (
				en,
				Base,
			);
			mainGroup = BDEE17272367FECC00BF8FD1;
			productRefGroup = BDEE17312367FECC00BF8FD1 /* Products */;
			projectDirPath = "";
			projectRoot = "";
			targets = (
				BDEE172F2367FECC00BF8FD1 /* DigitalClock */,
			);
		};
/* End PBXProject section */

/* Begin PBXResourcesBuildPhase section */
		BDEE172E2367FECC00BF8FD1 /* Resources */ = {
			isa = PBXResourcesBuildPhase;
			buildActionMask = 2147483647;
			files = (
				BDEE17432367FECE00BF8FD1 /* LaunchScreen.storyboard in Resources */,
				BDEE17402367FECE00BF8FD1 /* Assets.xcassets in Resources */,
				BDEE173E2367FECC00BF8FD1 /* Main.storyboard in Resources */,
			);
			runOnlyForDeploymentPostprocessing = 0;
		};
/* End PBXResourcesBuildPhase section */

/* Begin PBXSourcesBuildPhase section */
		BDEE172C2367FECC00BF8FD1 /* Sources */ = {
			isa = PBXSourcesBuildPhase;
			buildActionMask = 2147483647;
			files = (
				BDEE173B2367FECC00BF8FD1 /* ViewController.m in Sources */,
				BDEE17352367FECC00BF8FD1 /* AppDelegate.m in Sources */,
				BDEE17462367FECE00BF8FD1 /* main.m in Sources */,
				BDEE17382367FECC00BF8FD1 /* SceneDelegate.m in Sources */,
			);
			runOnlyForDeploymentPostprocessing = 0;
		};
/* End PBXSourcesBuildPhase section */

/* Begin PBXVariantGroup section */
		BDEE173C2367FECC00BF8FD1 /* Main.storyboard */ = {
			isa = PBXVariantGroup;
			children = (
				BDEE173D2367FECC00BF8FD1 /* Base */,
			);
			name = Main.storyboard;
			sourceTree = "<group>";
		};
		BDEE17412367FECE00BF8FD1 /* LaunchScreen.storyboard */ = {
			isa = PBXVariantGroup;
			children = (
				BDEE17422367FECE00BF8FD1 /* Base */,
			);
			name = LaunchScreen.storyboard;
			sourceTree = "<group>";
		};
/* End PBXVariantGroup section */

/* Begin XCBuildConfiguration section */
		BDEE17472367FECE00BF8FD1 /* Debug */ = {
			isa = XCBuildConfiguration;
			buildSettings = {
				ALWAYS_SEARCH_USER_PATHS = NO;
				CLANG_ANALYZER_NONNULL = YES;
				CLANG_ANALYZER_NUMBER_OBJECT_CONVERSION = YES_AGGRESSIVE;
				CLANG_CXX_LANGUAGE_STANDARD = "gnu++14";
				CLANG_CXX_LIBRARY = "libc++";
				CLANG_ENABLE_MODULES = YES;
				CLANG_ENABLE_OBJC_ARC = YES;
				CLANG_ENABLE_OBJC_WEAK = YES;
				CLANG_WARN_BLOCK_CAPTURE_AUTORELEASING = YES;
				CLANG_WARN_BOOL_CONVERSION = YES;
				CLANG_WARN_COMMA = YES;
				CLANG_WARN_CONSTANT_CONVERSION = YES;
				CLANG_WARN_DEPRECATED_OBJC_IMPLEMENTATIONS = YES;
				CLANG_WARN_DIRECT_OBJC_ISA_USAGE = YES_ERROR;
				CLANG_WARN_DOCUMENTATION_COMMENTS = YES;
				CLANG_WARN_EMPTY_BODY = YES;
				CLANG_WARN_ENUM_CONVERSION = YES;
				CLANG_WARN_INFINITE_RECURSION = YES;
				CLANG_WARN_INT_CONVERSION = YES;
				CLANG_WARN_NON_LITERAL_NULL_CONVERSION = YES;
				CLANG_WARN_OBJC_IMPLICIT_RETAIN_SELF = YES;
				CLANG_WARN_OBJC_LITERAL_CONVERSION = YES;
				CLANG_WARN_OBJC_ROOT_CLASS = YES_ERROR;
				CLANG_WARN_RANGE_LOOP_ANALYSIS = YES;
				CLANG_WARN_STRICT_PROTOTYPES = YES;
				CLANG_WARN_SUSPICIOUS_MOVE = YES;
				CLANG_WARN_UNGUARDED_AVAILABILITY = YES_AGGRESSIVE;
				CLANG_WARN_UNREACHABLE_CODE = YES;
				CLANG_WARN__DUPLICATE_METHOD_MATCH = YES;
				COPY_PHASE_STRIP = NO;
				DEBUG_INFORMATION_FORMAT = dwarf;
				ENABLE_STRICT_OBJC_MSGSEND = YES;
				ENABLE_TESTABILITY = YES;
				GCC_C_LANGUAGE_STANDARD = gnu11;
				GCC_DYNAMIC_NO_PIC = NO;
				GCC_NO_COMMON_BLOCKS = YES;
				GCC_OPTIMIZATION_LEVEL = 0;
				GCC_PREPROCESSOR_DEFINITIONS = (
					"DEBUG=1",
					"$(inherited)",
				);
				GCC_WARN_64_TO_32_BIT_CONVERSION = YES;
				GCC_WARN_ABOUT_RETURN_TYPE = YES_ERROR;
				GCC_WARN_UNDECLARED_SELECTOR = YES;
				GCC_WARN_UNINITIALIZED_AUTOS = YES_AGGRESSIVE;
				GCC_WARN_UNUSED_FUNCTION = YES;
				GCC_WARN_UNUSED_VARIABLE = YES;
				IPHONEOS_DEPLOYMENT_TARGET = 13.1;
				MTL_ENABLE_DEBUG_INFO = INCLUDE_SOURCE;
				MTL_FAST_MATH = YES;
				ONLY_ACTIVE_ARCH = YES;
				SDKROOT = iphoneos;
			};
			name = Debug;
		};
		BDEE17482367FECE00BF8FD1 /* Release */ = {
			isa = XCBuildConfiguration;
			buildSettings = {
				ALWAYS_SEARCH_USER_PATHS = NO;
				CLANG_ANALYZER_NONNULL = YES;
				CLANG_ANALYZER_NUMBER_OBJECT_CONVERSION = YES_AGGRESSIVE;
				CLANG_CXX_LANGUAGE_STANDARD = "gnu++14";
				CLANG_CXX_LIBRARY = "libc++";
				CLANG_ENABLE_MODULES = YES;
				CLANG_ENABLE_OBJC_ARC = YES;
				CLANG_ENABLE_OBJC_WEAK = YES;
				CLANG_WARN_BLOCK_CAPTURE_AUTORELEASING = YES;
				CLANG_WARN_BOOL_CONVERSION = YES;
				CLANG_WARN_COMMA = YES;
				CLANG_WARN_CONSTANT_CONVERSION = YES;
				CLANG_WARN_DEPRECATED_OBJC_IMPLEMENTATIONS = YES;
				CLANG_WARN_DIRECT_OBJC_ISA_USAGE = YES_ERROR;
				CLANG_WARN_DOCUMENTATION_COMMENTS = YES;
				CLANG_WARN_EMPTY_BODY = YES;
				CLANG_WARN_ENUM_CONVERSION = YES;
				CLANG_WARN_INFINITE_RECURSION = YES;
				CLANG_WARN_INT_CONVERSION = YES;
				CLANG_WARN_NON_LITERAL_NULL_CONVERSION = YES;
				CLANG_WARN_OBJC_IMPLICIT_RETAIN_SELF = YES;
				CLANG_WARN_OBJC_LITERAL_CONVERSION = YES;
				CLANG_WARN_OBJC_ROOT_CLASS = YES_ERROR;
				CLANG_WARN_RANGE_LOOP_ANALYSIS = YES;
				CLANG_WARN_STRICT_PROTOTYPES = YES;
				CLANG_WARN_SUSPICIOUS_MOVE = YES;
				CLANG_WARN_UNGUARDED_AVAILABILITY = YES_AGGRESSIVE;
				CLANG_WARN_UNREACHABLE_CODE = YES;
				CLANG_WARN__DUPLICATE_METHOD_MATCH = YES;
				COPY_PHASE_STRIP = NO;
				DEBUG_INFORMATION_FORMAT = "dwarf-with-dsym";
				ENABLE_NS_ASSERTIONS = NO;
				ENABLE_STRICT_OBJC_MSGSEND = YES;
				GCC_C_LANGUAGE_STANDARD = gnu11;
				GCC_NO_COMMON_BLOCKS = YES;
				GCC_WARN_64_TO_32_BIT_CONVERSION = YES;
				GCC_WARN_ABOUT_RETURN_TYPE = YES_ERROR;
				GCC_WARN_UNDECLARED_SELECTOR = YES;
				GCC_WARN_UNINITIALIZED_AUTOS = YES_AGGRESSIVE;
				GCC_WARN_UNUSED_FUNCTION = YES;
				GCC_WARN_UNUSED_VARIABLE = YES;
				IPHONEOS_DEPLOYMENT_TARGET = 13.1;
				MTL_ENABLE_DEBUG_INFO = NO;
				MTL_FAST_MATH = YES;
				SDKROOT = iphoneos;
				VALIDATE_PRODUCT = YES;
			};
			name = Release;
		};
		BDEE174A2367FECE00BF8FD1 /* Debug */ = {
			isa = XCBuildConfiguration;
			buildSettings = {
				ASSETCATALOG_COMPILER_APPICON_NAME = AppIcon;
				CODE_SIGN_STYLE = Automatic;
				DEVELOPMENT_TEAM = DRX889FW83;
				INFOPLIST_FILE = DigitalClock/Info.plist;
				LD_RUNPATH_SEARCH_PATHS = (
					"$(inherited)",
					"@executable_path/Frameworks",
				);
				PRODUCT_BUNDLE_IDENTIFIER = vinhphan.DigitalClock;
				PRODUCT_NAME = "$(TARGET_NAME)";
				TARGETED_DEVICE_FAMILY = "1,2";
			};
			name = Debug;
		};
		BDEE174B2367FECE00BF8FD1 /* Release */ = {
			isa = XCBuildConfiguration;
			buildSettings = {
				ASSETCATALOG_COMPILER_APPICON_NAME = AppIcon;
				CODE_SIGN_STYLE = Automatic;
				DEVELOPMENT_TEAM = DRX889FW83;
				INFOPLIST_FILE = DigitalClock/Info.plist;
				LD_RUNPATH_SEARCH_PATHS = (
					"$(inherited)",
					"@executable_path/Frameworks",
				);
				PRODUCT_BUNDLE_IDENTIFIER = vinhphan.DigitalClock;
				PRODUCT_NAME = "$(TARGET_NAME)";
				TARGETED_DEVICE_FAMILY = "1,2";
			};
			name = Release;
		};
/* End XCBuildConfiguration section */

/* Begin XCConfigurationList section */
		BDEE172B2367FECC00BF8FD1 /* Build configuration list for PBXProject "DigitalClock" */ = {
			isa = XCConfigurationList;
			buildConfigurations = (
				BDEE17472367FECE00BF8FD1 /* Debug */,
				BDEE17482367FECE00BF8FD1 /* Release */,
			);
			defaultConfigurationIsVisible = 0;
			defaultConfigurationName = Release;
		};
		BDEE17492367FECE00BF8FD1 /* Build configuration list for PBXNativeTarget "DigitalClock" */ = {
			isa = XCConfigurationList;
			buildConfigurations = (
				BDEE174A2367FECE00BF8FD1 /* Debug */,
				BDEE174B2367FECE00BF8FD1 /* Release */,
			);
			defaultConfigurationIsVisible = 0;
			defaultConfigurationName = Release;
		};
/* End XCConfigurationList section */
	};
	rootObject = BDEE17282367FECC00BF8FD1 /* Project object */;
}
